{
  "R": {
    "Version": "4.2.1",
    "Repositories": [
      {
        "Name": "CRAN",
        "URL": "https://packagemanager.rstudio.com/cran/latest"
      }
    ]
  },
  "Packages": {
    "MASS": {
      "Package": "MASS",
      "Version": "7.3-58",
      "Source": "Repository",
      "Repository": "CRAN",
      "Hash": "4bf2c61e656bbc238634c798c208d386",
      "Requirements": []
    },
    "Matrix": {
      "Package": "Matrix",
      "Version": "1.4-1",
      "Source": "Repository",
      "Repository": "CRAN",
      "Hash": "699c47c606293bdfbc9fd78a93c9c8fe",
      "Requirements": [
        "lattice"
      ]
    },
    "codetools": {
      "Package": "codetools",
      "Version": "0.2-18",
      "Source": "Repository",
      "Repository": "CRAN",
      "Hash": "019388fc48e48b3da0d3a76ff94608a8",
      "Requirements": []
    },
    "lattice": {
      "Package": "lattice",
      "Version": "0.20-45",
      "Source": "Repository",
      "Repository": "CRAN",
      "Hash": "b64cdbb2b340437c4ee047a1f4c4377b",
      "Requirements": []
    },
    "mgcv": {
      "Package": "mgcv",
      "Version": "1.8-40",
      "Source": "Repository",
      "Repository": "CRAN",
      "Hash": "c6b2fdb18cf68ab613bd564363e1ba0d",
      "Requirements": [
        "Matrix",
        "nlme"
      ]
    },
    "nlme": {
      "Package": "nlme",
      "Version": "3.1-159",
      "Source": "Repository",
      "Repository": "CRAN",
      "Hash": "4a0b3a68f846cb999ff0e8e519524fbb",
      "Requirements": [
        "lattice"
      ]
    },
    "renv": {
      "Package": "renv",
      "Version": "0.16.0",
      "Source": "Repository",
      "Repository": "CRAN",
      "Hash": "c9e8442ab69bc21c9697ecf856c1e6c7",
      "Requirements": []
    }
  }
}
